
Microsoft Visual Studio Solution File, Format Version 12.00
# Visual Studio Version 16
VisualStudioVersion = 16.0.32002.261
MinimumVisualStudioVersion = 10.0.40219.1
Project("{9A19103F-16F7-4668-BE54-9A1E7A4F7556}") = "Sprint0", "Sprint0.csproj", "{F68B9C1C-EF5D-4BC7-8DA0-FF0D8B2476D0}"
EndProject
Global
	GlobalSection(SolutionConfigurationPlatforms) = preSolution
		Debug|Any CPU = Debug|Any CPU
		Release|Any CPU = Release|Any CPU
	EndGlobalSection
	GlobalSection(ProjectConfigurationPlatforms) = postSolution
		{F68B9C1C-EF5D-4BC7-8DA0-FF0D8B2476D0}.Debug|Any CPU.ActiveCfg = Debug|Any CPU
		{F68B9C1C-EF5D-4BC7-8DA0-FF0D8B2476D0}.Debug|Any CPU.Build.0 = Debug|Any CPU
		{F68B9C1C-EF5D-4BC7-8DA0-FF0D8B2476D0}.Release|Any CPU.ActiveCfg = Release|Any CPU
		{F68B9C1C-EF5D-4BC7-8DA0-FF0D8B2476D0}.Release|Any CPU.Build.0 = Release|Any CPU
	EndGlobalSection
	GlobalSection(SolutionProperties) = preSolution
		HideSolutionNode = FALSE
	EndGlobalSection
	GlobalSection(ExtensibilityGlobals) = postSolution
		SolutionGuid = {862A9348-1AF6-481A-9BA7-80660C235215}
	EndGlobalSection
EndGlobal
